
Microsoft Visual Studio Solution File, Format Version 12.00
# Visual Studio 15
VisualStudioVersion = 15.0.28307.902
MinimumVisualStudioVersion = 10.0.40219.1
Project("{9A19103F-16F7-4668-BE54-9A1E7A4F7556}") = "kafka.pubsub.console", "kafka.pubsub.console.csproj", "{B38D5638-557E-4B62-898B-2C14ACC2CF73}"
EndProject
Global
	GlobalSection(SolutionConfigurationPlatforms) = preSolution
		Debug|Any CPU = Debug|Any CPU
		Release|Any CPU = Release|Any CPU
	EndGlobalSection
	GlobalSection(ProjectConfigurationPlatforms) = postSolution
		{B38D5638-557E-4B62-898B-2C14ACC2CF73}.Debug|Any CPU.ActiveCfg = Debug|Any CPU
		{B38D5638-557E-4B62-898B-2C14ACC2CF73}.Debug|Any CPU.Build.0 = Debug|Any CPU
		{B38D5638-557E-4B62-898B-2C14ACC2CF73}.Release|Any CPU.ActiveCfg = Release|Any CPU
		{B38D5638-557E-4B62-898B-2C14ACC2CF73}.Release|Any CPU.Build.0 = Release|Any CPU
	EndGlobalSection
	GlobalSection(SolutionProperties) = preSolution
		HideSolutionNode = FALSE
	EndGlobalSection
	GlobalSection(ExtensibilityGlobals) = postSolution
		SolutionGuid = {38CB14C6-28DB-43FF-A484-21EA89570025}
	EndGlobalSection
EndGlobal
